
Microsoft Visual Studio Solution File, Format Version 12.00
# Visual Studio 15
VisualStudioVersion = 15.0.28307.1500
MinimumVisualStudioVersion = 10.0.40219.1
Project("{FAE04EC0-301F-11D3-BF4B-00C04F79EFBC}") = "RocketAssembler", "RocketAssembler\RocketAssembler.csproj", "{8A5D1B8C-7BC9-4DEA-B066-4F7E73FFE55A}"
EndProject
Global
	GlobalSection(SolutionConfigurationPlatforms) = preSolution
		Debug|Any CPU = Debug|Any CPU
		Release|Any CPU = Release|Any CPU
	EndGlobalSection
	GlobalSection(ProjectConfigurationPlatforms) = postSolution
		{8A5D1B8C-7BC9-4DEA-B066-4F7E73FFE55A}.Debug|Any CPU.ActiveCfg = Debug|Any CPU
		{8A5D1B8C-7BC9-4DEA-B066-4F7E73FFE55A}.Debug|Any CPU.Build.0 = Debug|Any CPU
		{8A5D1B8C-7BC9-4DEA-B066-4F7E73FFE55A}.Release|Any CPU.ActiveCfg = Release|Any CPU
		{8A5D1B8C-7BC9-4DEA-B066-4F7E73FFE55A}.Release|Any CPU.Build.0 = Release|Any CPU
	EndGlobalSection
	GlobalSection(SolutionProperties) = preSolution
		HideSolutionNode = FALSE
	EndGlobalSection
	GlobalSection(ExtensibilityGlobals) = postSolution
		SolutionGuid = {10FB2BBD-FF82-495B-879F-41E024F6D906}
	EndGlobalSection
EndGlobal
